
Microsoft Visual Studio Solution File, Format Version 12.00
# Visual Studio Version 16
VisualStudioVersion = 16.0.29709.97
MinimumVisualStudioVersion = 10.0.40219.1
Project("{8BC9CEB8-8B4A-11D0-8D11-00A0C91BC942}") = "15-8", "15-8.vcxproj", "{60158379-DC8D-4823-A453-3815300728A1}"
EndProject
Project("{8BC9CEB8-8B4A-11D0-8D11-00A0C91BC942}") = "15-9", "..\15-9\15-9.vcxproj", "{70484BA0-C209-4009-A51A-ACF94830C4E8}"
EndProject
Project("{2150E333-8FDC-42A3-9474-1A3956D46DE8}") = "chapter16", "chapter16", "{C7FE55D3-0F19-446A-BFFE-459ABCDD3865}"
EndProject
Project("{8BC9CEB8-8B4A-11D0-8D11-00A0C91BC942}") = "16-1", "..\16-1\16-1.vcxproj", "{80CAD05B-86B5-408B-B44F-C5FCBD0E78F2}"
EndProject
Project("{8BC9CEB8-8B4A-11D0-8D11-00A0C91BC942}") = "16-2", "..\16-2\16-2.vcxproj", "{A3217098-3F28-4190-875D-C441E7584EED}"
EndProject
Project("{8BC9CEB8-8B4A-11D0-8D11-00A0C91BC942}") = "16-3", "..\16-3\16-3.vcxproj", "{9B745C51-7228-4956-B997-8C02AFF9A0D0}"
EndProject
Project("{8BC9CEB8-8B4A-11D0-8D11-00A0C91BC942}") = "16-4", "..\16-4\16-4.vcxproj", "{6F6BA9B2-3667-4297-8B98-92D741E58A8C}"
EndProject
Project("{8BC9CEB8-8B4A-11D0-8D11-00A0C91BC942}") = "16-5", "..\16-5\16-5.vcxproj", "{734059AB-9ED1-4A42-B4C5-CAC4F59C21DF}"
EndProject
Project("{8BC9CEB8-8B4A-11D0-8D11-00A0C91BC942}") = "16-6", "..\16-6\16-6.vcxproj", "{6B71FA0D-9607-4C98-B71A-141FF47525E8}"
EndProject
Project("{2150E333-8FDC-42A3-9474-1A3956D46DE8}") = "chapter17", "chapter17", "{522E57F8-3CF3-43BC-8C3B-DB2CEF6B83D3}"
EndProject
Project("{8BC9CEB8-8B4A-11D0-8D11-00A0C91BC942}") = "17-1", "..\17-1\17-1.vcxproj", "{D5BB059E-CB8D-4724-99E5-9D180B74BE54}"
EndProject
Project("{8BC9CEB8-8B4A-11D0-8D11-00A0C91BC942}") = "17-2", "..\17-2\17-2.vcxproj", "{49739A8B-060E-4C4F-9B74-B53DEF40F502}"
EndProject
Project("{8BC9CEB8-8B4A-11D0-8D11-00A0C91BC942}") = "17-3", "..\17-3\17-3.vcxproj", "{91629F89-839B-4ECE-8DF5-6788B12FE70D}"
EndProject
Project("{8BC9CEB8-8B4A-11D0-8D11-00A0C91BC942}") = "17-4", "..\17-4\17-4.vcxproj", "{5A49B5A9-96BF-4C0F-BF5D-C44103C73266}"
EndProject
Project("{8BC9CEB8-8B4A-11D0-8D11-00A0C91BC942}") = "17-5", "..\17-5\17-5.vcxproj", "{77C114FE-1580-4263-915A-37AE46866F03}"
EndProject
Project("{8BC9CEB8-8B4A-11D0-8D11-00A0C91BC942}") = "17-6", "..\17-6\17-6.vcxproj", "{2031D3EA-E1DF-462C-926D-BA540C134D9F}"
EndProject
Project("{8BC9CEB8-8B4A-11D0-8D11-00A0C91BC942}") = "17-7", "..\17-7\17-7.vcxproj", "{1EFC50D4-1D3A-49A1-8E6A-3F4397EC4098}"
EndProject
Project("{8BC9CEB8-8B4A-11D0-8D11-00A0C91BC942}") = "17-8", "..\17-8\17-8.vcxproj", "{75CED810-E9A5-43BD-9462-3A5D8D978C1B}"
EndProject
Project("{8BC9CEB8-8B4A-11D0-8D11-00A0C91BC942}") = "17-9", "..\17-9\17-9.vcxproj", "{9EFE7CA7-896E-421A-90C3-C85A750C29A7}"
EndProject
Project("{8BC9CEB8-8B4A-11D0-8D11-00A0C91BC942}") = "17-10", "..\17-10\17-10.vcxproj", "{B402A6B8-7344-4D56-9325-79B556DF3E8A}"
EndProject
Project("{8BC9CEB8-8B4A-11D0-8D11-00A0C91BC942}") = "17-11", "..\17-11\17-11.vcxproj", "{04909DE6-5510-45F8-A458-BCC367F3BAB2}"
EndProject
Project("{8BC9CEB8-8B4A-11D0-8D11-00A0C91BC942}") = "17-12", "..\17-12\17-12.vcxproj", "{A31AE2BE-516B-4E2A-8E3F-171D7D50880D}"
EndProject
Project("{2150E333-8FDC-42A3-9474-1A3956D46DE8}") = "chapter18", "chapter18", "{943C4D8F-376E-4A3C-8098-F2BB7ED3A7C0}"
EndProject
Project("{8BC9CEB8-8B4A-11D0-8D11-00A0C91BC942}") = "18-01", "..\18-01\18-01.vcxproj", "{C7077803-3B3A-4478-9791-5C5826719DE1}"
EndProject
Project("{8BC9CEB8-8B4A-11D0-8D11-00A0C91BC942}") = "18-03", "..\18-03\18-03.vcxproj", "{D62EEB9F-996C-442B-B28F-C4D347918A45}"
EndProject
Project("{8BC9CEB8-8B4A-11D0-8D11-00A0C91BC942}") = "18-04", "..\18-04\18-04.vcxproj", "{361C6817-7DC5-442F-AA93-B26928FD4180}"
EndProject
Project("{8BC9CEB8-8B4A-11D0-8D11-00A0C91BC942}") = "18-05", "..\18-05\18-05.vcxproj", "{5DCF30D5-AF8B-44A8-8534-93DD119D00BB}"
EndProject
Project("{8BC9CEB8-8B4A-11D0-8D11-00A0C91BC942}") = "18-06", "..\18-06\18-06.vcxproj", "{91F54DD8-6418-4A13-A598-506D1A2B3716}"
EndProject
Project("{8BC9CEB8-8B4A-11D0-8D11-00A0C91BC942}") = "18-07", "..\18-07\18-07.vcxproj", "{E6614197-EE9C-4D15-8827-292E37A5C129}"
EndProject
Project("{8BC9CEB8-8B4A-11D0-8D11-00A0C91BC942}") = "18-08", "..\18-08\18-08.vcxproj", "{87DA4A9E-5F2C-4A57-BFAA-285F4801B3B6}"
EndProject
Project("{8BC9CEB8-8B4A-11D0-8D11-00A0C91BC942}") = "18-09", "..\18-09\18-09.vcxproj", "{E6FEFF1E-247D-406E-980C-35D5754B4B20}"
EndProject
Project("{8BC9CEB8-8B4A-11D0-8D11-00A0C91BC942}") = "18-10", "..\18-10\18-10.vcxproj", "{F0344239-5B95-46BF-B9BC-5C4D277584C7}"
EndProject
Project("{8BC9CEB8-8B4A-11D0-8D11-00A0C91BC942}") = "18-11", "..\18-11\18-11.vcxproj", "{30F9699F-8518-4ACB-946C-40CA00EDFCC0}"
EndProject
Project("{2150E333-8FDC-42A3-9474-1A3956D46DE8}") = "chapter19", "chapter19", "{6C597C3A-1CDE-4169-B5B8-8FBE271B3C44}"
EndProject
Project("{8BC9CEB8-8B4A-11D0-8D11-00A0C91BC942}") = "19-01", "..\19-01\19-01.vcxproj", "{49324FD1-9FA3-45AB-A055-FED6BDCCD701}"
EndProject
Project("{8BC9CEB8-8B4A-11D0-8D11-00A0C91BC942}") = "19-02", "..\19-02\19-02.vcxproj", "{8C9E463A-7F9F-4EEC-85AE-B5883D4F926C}"
EndProject
Project("{8BC9CEB8-8B4A-11D0-8D11-00A0C91BC942}") = "19-03", "..\19-03\19-03.vcxproj", "{20A98095-E6CF-41C7-82F0-3820B1DA28B1}"
EndProject
Project("{8BC9CEB8-8B4A-11D0-8D11-00A0C91BC942}") = "19-04", "..\19-04\19-04.vcxproj", "{E2E2F90D-B4E1-4ED9-95FE-7F904D11307D}"
EndProject
Project("{8BC9CEB8-8B4A-11D0-8D11-00A0C91BC942}") = "19-05", "..\19-05\19-05.vcxproj", "{455609C8-5717-4622-B650-FFD3A11C4EC8}"
EndProject
Project("{8BC9CEB8-8B4A-11D0-8D11-00A0C91BC942}") = "19-06", "..\19-06\19-06.vcxproj", "{C4BD1130-E5E7-48B8-B4B8-BF56D169BC7F}"
EndProject
Project("{8BC9CEB8-8B4A-11D0-8D11-00A0C91BC942}") = "19-07", "..\19-07\19-07.vcxproj", "{2A773D4B-7D9B-43D4-AF90-453831210CCF}"
EndProject
Project("{8BC9CEB8-8B4A-11D0-8D11-00A0C91BC942}") = "19-08", "..\19-08\19-08.vcxproj", "{E17B5064-9722-4F88-BA01-BCFA1A8F8600}"
EndProject
Project("{8BC9CEB8-8B4A-11D0-8D11-00A0C91BC942}") = "19-09", "..\19-09\19-09.vcxproj", "{25D9AF8C-0C64-4D72-93EF-E052F40B4EB4}"
EndProject
Project("{8BC9CEB8-8B4A-11D0-8D11-00A0C91BC942}") = "19-10", "..\19-10\19-10.vcxproj", "{6F72DD4B-C0FD-4E27-819A-9802E503A115}"
EndProject
Project("{2150E333-8FDC-42A3-9474-1A3956D46DE8}") = "sorting", "sorting", "{F329F2CC-5A30-4A07-B97F-EFE3EAA2B45A}"
EndProject
Project("{8BC9CEB8-8B4A-11D0-8D11-00A0C91BC942}") = "B_1", "..\B_1\B_1.vcxproj", "{8929E56A-678D-40A9-BA15-93A723F6A24E}"
EndProject
Project("{8BC9CEB8-8B4A-11D0-8D11-00A0C91BC942}") = "B-2", "..\B-2\B-2.vcxproj", "{6755F258-AECB-48A2-8586-5F3893E456B8}"
EndProject
Global
	GlobalSection(SolutionConfigurationPlatforms) = preSolution
		Debug|x64 = Debug|x64
		Debug|x86 = Debug|x86
		Release|x64 = Release|x64
		Release|x86 = Release|x86
	EndGlobalSection
	GlobalSection(ProjectConfigurationPlatforms) = postSolution
		{60158379-DC8D-4823-A453-3815300728A1}.Debug|x64.ActiveCfg = Debug|x64
		{60158379-DC8D-4823-A453-3815300728A1}.Debug|x64.Build.0 = Debug|x64
		{60158379-DC8D-4823-A453-3815300728A1}.Debug|x86.ActiveCfg = Debug|Win32
		{60158379-DC8D-4823-A453-3815300728A1}.Debug|x86.Build.0 = Debug|Win32
		{60158379-DC8D-4823-A453-3815300728A1}.Release|x64.ActiveCfg = Release|x64
		{60158379-DC8D-4823-A453-3815300728A1}.Release|x64.Build.0 = Release|x64
		{60158379-DC8D-4823-A453-3815300728A1}.Release|x86.ActiveCfg = Release|Win32
		{60158379-DC8D-4823-A453-3815300728A1}.Release|x86.Build.0 = Release|Win32
		{70484BA0-C209-4009-A51A-ACF94830C4E8}.Debug|x64.ActiveCfg = Debug|x64
		{70484BA0-C209-4009-A51A-ACF94830C4E8}.Debug|x64.Build.0 = Debug|x64
		{70484BA0-C209-4009-A51A-ACF94830C4E8}.Debug|x86.ActiveCfg = Debug|Win32
		{70484BA0-C209-4009-A51A-ACF94830C4E8}.Debug|x86.Build.0 = Debug|Win32
		{70484BA0-C209-4009-A51A-ACF94830C4E8}.Release|x64.ActiveCfg = Release|x64
		{70484BA0-C209-4009-A51A-ACF94830C4E8}.Release|x64.Build.0 = Release|x64
		{70484BA0-C209-4009-A51A-ACF94830C4E8}.Release|x86.ActiveCfg = Release|Win32
		{70484BA0-C209-4009-A51A-ACF94830C4E8}.Release|x86.Build.0 = Release|Win32
		{80CAD05B-86B5-408B-B44F-C5FCBD0E78F2}.Debug|x64.ActiveCfg = Debug|x64
		{80CAD05B-86B5-408B-B44F-C5FCBD0E78F2}.Debug|x64.Build.0 = Debug|x64
		{80CAD05B-86B5-408B-B44F-C5FCBD0E78F2}.Debug|x86.ActiveCfg = Debug|Win32
		{80CAD05B-86B5-408B-B44F-C5FCBD0E78F2}.Debug|x86.Build.0 = Debug|Win32
		{80CAD05B-86B5-408B-B44F-C5FCBD0E78F2}.Release|x64.ActiveCfg = Release|x64
		{80CAD05B-86B5-408B-B44F-C5FCBD0E78F2}.Release|x64.Build.0 = Release|x64
		{80CAD05B-86B5-408B-B44F-C5FCBD0E78F2}.Release|x86.ActiveCfg = Release|Win32
		{80CAD05B-86B5-408B-B44F-C5FCBD0E78F2}.Release|x86.Build.0 = Release|Win32
		{A3217098-3F28-4190-875D-C441E7584EED}.Debug|x64.ActiveCfg = Debug|x64
		{A3217098-3F28-4190-875D-C441E7584EED}.Debug|x64.Build.0 = Debug|x64
		{A3217098-3F28-4190-875D-C441E7584EED}.Debug|x86.ActiveCfg = Debug|Win32
		{A3217098-3F28-4190-875D-C441E7584EED}.Debug|x86.Build.0 = Debug|Win32
		{A3217098-3F28-4190-875D-C441E7584EED}.Release|x64.ActiveCfg = Release|x64
		{A3217098-3F28-4190-875D-C441E7584EED}.Release|x64.Build.0 = Release|x64
		{A3217098-3F28-4190-875D-C441E7584EED}.Release|x86.ActiveCfg = Release|Win32
		{A3217098-3F28-4190-875D-C441E7584EED}.Release|x86.Build.0 = Release|Win32
		{9B745C51-7228-4956-B997-8C02AFF9A0D0}.Debug|x64.ActiveCfg = Debug|x64
		{9B745C51-7228-4956-B997-8C02AFF9A0D0}.Debug|x64.Build.0 = Debug|x64
		{9B745C51-7228-4956-B997-8C02AFF9A0D0}.Debug|x86.ActiveCfg = Debug|Win32
		{9B745C51-7228-4956-B997-8C02AFF9A0D0}.Debug|x86.Build.0 = Debug|Win32
		{9B745C51-7228-4956-B997-8C02AFF9A0D0}.Release|x64.ActiveCfg = Release|x64
		{9B745C51-7228-4956-B997-8C02AFF9A0D0}.Release|x64.Build.0 = Release|x64
		{9B745C51-7228-4956-B997-8C02AFF9A0D0}.Release|x86.ActiveCfg = Release|Win32
		{9B745C51-7228-4956-B997-8C02AFF9A0D0}.Release|x86.Build.0 = Release|Win32
		{6F6BA9B2-3667-4297-8B98-92D741E58A8C}.Debug|x64.ActiveCfg = Debug|x64
		{6F6BA9B2-3667-4297-8B98-92D741E58A8C}.Debug|x64.Build.0 = Debug|x64
		{6F6BA9B2-3667-4297-8B98-92D741E58A8C}.Debug|x86.ActiveCfg = Debug|Win32
		{6F6BA9B2-3667-4297-8B98-92D741E58A8C}.Debug|x86.Build.0 = Debug|Win32
		{6F6BA9B2-3667-4297-8B98-92D741E58A8C}.Release|x64.ActiveCfg = Release|x64
		{6F6BA9B2-3667-4297-8B98-92D741E58A8C}.Release|x64.Build.0 = Release|x64
		{6F6BA9B2-3667-4297-8B98-92D741E58A8C}.Release|x86.ActiveCfg = Release|Win32
		{6F6BA9B2-3667-4297-8B98-92D741E58A8C}.Release|x86.Build.0 = Release|Win32
		{734059AB-9ED1-4A42-B4C5-CAC4F59C21DF}.Debug|x64.ActiveCfg = Debug|x64
		{734059AB-9ED1-4A42-B4C5-CAC4F59C21DF}.Debug|x64.Build.0 = Debug|x64
		{734059AB-9ED1-4A42-B4C5-CAC4F59C21DF}.Debug|x86.ActiveCfg = Debug|Win32
		{734059AB-9ED1-4A42-B4C5-CAC4F59C21DF}.Debug|x86.Build.0 = Debug|Win32
		{734059AB-9ED1-4A42-B4C5-CAC4F59C21DF}.Release|x64.ActiveCfg = Release|x64
		{734059AB-9ED1-4A42-B4C5-CAC4F59C21DF}.Release|x64.Build.0 = Release|x64
		{734059AB-9ED1-4A42-B4C5-CAC4F59C21DF}.Release|x86.ActiveCfg = Release|Win32
		{734059AB-9ED1-4A42-B4C5-CAC4F59C21DF}.Release|x86.Build.0 = Release|Win32
		{6B71FA0D-9607-4C98-B71A-141FF47525E8}.Debug|x64.ActiveCfg = Debug|x64
		{6B71FA0D-9607-4C98-B71A-141FF47525E8}.Debug|x64.Build.0 = Debug|x64
		{6B71FA0D-9607-4C98-B71A-141FF47525E8}.Debug|x86.ActiveCfg = Debug|Win32
		{6B71FA0D-9607-4C98-B71A-141FF47525E8}.Debug|x86.Build.0 = Debug|Win32
		{6B71FA0D-9607-4C98-B71A-141FF47525E8}.Release|x64.ActiveCfg = Release|x64
		{6B71FA0D-9607-4C98-B71A-141FF47525E8}.Release|x64.Build.0 = Release|x64
		{6B71FA0D-9607-4C98-B71A-141FF47525E8}.Release|x86.ActiveCfg = Release|Win32
		{6B71FA0D-9607-4C98-B71A-141FF47525E8}.Release|x86.Build.0 = Release|Win32
		{D5BB059E-CB8D-4724-99E5-9D180B74BE54}.Debug|x64.ActiveCfg = Debug|x64
		{D5BB059E-CB8D-4724-99E5-9D180B74BE54}.Debug|x64.Build.0 = Debug|x64
		{D5BB059E-CB8D-4724-99E5-9D180B74BE54}.Debug|x86.ActiveCfg = Debug|Win32
		{D5BB059E-CB8D-4724-99E5-9D180B74BE54}.Debug|x86.Build.0 = Debug|Win32
		{D5BB059E-CB8D-4724-99E5-9D180B74BE54}.Release|x64.ActiveCfg = Release|x64
		{D5BB059E-CB8D-4724-99E5-9D180B74BE54}.Release|x64.Build.0 = Release|x64
		{D5BB059E-CB8D-4724-99E5-9D180B74BE54}.Release|x86.ActiveCfg = Release|Win32
		{D5BB059E-CB8D-4724-99E5-9D180B74BE54}.Release|x86.Build.0 = Release|Win32
		{49739A8B-060E-4C4F-9B74-B53DEF40F502}.Debug|x64.ActiveCfg = Debug|x64
		{49739A8B-060E-4C4F-9B74-B53DEF40F502}.Debug|x64.Build.0 = Debug|x64
		{49739A8B-060E-4C4F-9B74-B53DEF40F502}.Debug|x86.ActiveCfg = Debug|Win32
		{49739A8B-060E-4C4F-9B74-B53DEF40F502}.Debug|x86.Build.0 = Debug|Win32
		{49739A8B-060E-4C4F-9B74-B53DEF40F502}.Release|x64.ActiveCfg = Release|x64
		{49739A8B-060E-4C4F-9B74-B53DEF40F502}.Release|x64.Build.0 = Release|x64
		{49739A8B-060E-4C4F-9B74-B53DEF40F502}.Release|x86.ActiveCfg = Release|Win32
		{49739A8B-060E-4C4F-9B74-B53DEF40F502}.Release|x86.Build.0 = Release|Win32
		{91629F89-839B-4ECE-8DF5-6788B12FE70D}.Debug|x64.ActiveCfg = Debug|x64
		{91629F89-839B-4ECE-8DF5-6788B12FE70D}.Debug|x64.Build.0 = Debug|x64
		{91629F89-839B-4ECE-8DF5-6788B12FE70D}.Debug|x86.ActiveCfg = Debug|Win32
		{91629F89-839B-4ECE-8DF5-6788B12FE70D}.Debug|x86.Build.0 = Debug|Win32
		{91629F89-839B-4ECE-8DF5-6788B12FE70D}.Release|x64.ActiveCfg = Release|x64
		{91629F89-839B-4ECE-8DF5-6788B12FE70D}.Release|x64.Build.0 = Release|x64
		{91629F89-839B-4ECE-8DF5-6788B12FE70D}.Release|x86.ActiveCfg = Release|Win32
		{91629F89-839B-4ECE-8DF5-6788B12FE70D}.Release|x86.Build.0 = Release|Win32
		{5A49B5A9-96BF-4C0F-BF5D-C44103C73266}.Debug|x64.ActiveCfg = Debug|x64
		{5A49B5A9-96BF-4C0F-BF5D-C44103C73266}.Debug|x64.Build.0 = Debug|x64
		{5A49B5A9-96BF-4C0F-BF5D-C44103C73266}.Debug|x86.ActiveCfg = Debug|Win32
		{5A49B5A9-96BF-4C0F-BF5D-C44103C73266}.Debug|x86.Build.0 = Debug|Win32
		{5A49B5A9-96BF-4C0F-BF5D-C44103C73266}.Release|x64.ActiveCfg = Release|x64
		{5A49B5A9-96BF-4C0F-BF5D-C44103C73266}.Release|x64.Build.0 = Release|x64
		{5A49B5A9-96BF-4C0F-BF5D-C44103C73266}.Release|x86.ActiveCfg = Release|Win32
		{5A49B5A9-96BF-4C0F-BF5D-C44103C73266}.Release|x86.Build.0 = Release|Win32
		{77C114FE-1580-4263-915A-37AE46866F03}.Debug|x64.ActiveCfg = Debug|x64
		{77C114FE-1580-4263-915A-37AE46866F03}.Debug|x64.Build.0 = Debug|x64
		{77C114FE-1580-4263-915A-37AE46866F03}.Debug|x86.ActiveCfg = Debug|Win32
		{77C114FE-1580-4263-915A-37AE46866F03}.Debug|x86.Build.0 = Debug|Win32
		{77C114FE-1580-4263-915A-37AE46866F03}.Release|x64.ActiveCfg = Release|x64
		{77C114FE-1580-4263-915A-37AE46866F03}.Release|x64.Build.0 = Release|x64
		{77C114FE-1580-4263-915A-37AE46866F03}.Release|x86.ActiveCfg = Release|Win32
		{77C114FE-1580-4263-915A-37AE46866F03}.Release|x86.Build.0 = Release|Win32
		{2031D3EA-E1DF-462C-926D-BA540C134D9F}.Debug|x64.ActiveCfg = Debug|x64
		{2031D3EA-E1DF-462C-926D-BA540C134D9F}.Debug|x64.Build.0 = Debug|x64
		{2031D3EA-E1DF-462C-926D-BA540C134D9F}.Debug|x86.ActiveCfg = Debug|Win32
		{2031D3EA-E1DF-462C-926D-BA540C134D9F}.Debug|x86.Build.0 = Debug|Win32
		{2031D3EA-E1DF-462C-926D-BA540C134D9F}.Release|x64.ActiveCfg = Release|x64
		{2031D3EA-E1DF-462C-926D-BA540C134D9F}.Release|x64.Build.0 = Release|x64
		{2031D3EA-E1DF-462C-926D-BA540C134D9F}.Release|x86.ActiveCfg = Release|Win32
		{2031D3EA-E1DF-462C-926D-BA540C134D9F}.Release|x86.Build.0 = Release|Win32
		{1EFC50D4-1D3A-49A1-8E6A-3F4397EC4098}.Debug|x64.ActiveCfg = Debug|x64
		{1EFC50D4-1D3A-49A1-8E6A-3F4397EC4098}.Debug|x64.Build.0 = Debug|x64
		{1EFC50D4-1D3A-49A1-8E6A-3F4397EC4098}.Debug|x86.ActiveCfg = Debug|Win32
		{1EFC50D4-1D3A-49A1-8E6A-3F4397EC4098}.Debug|x86.Build.0 = Debug|Win32
		{1EFC50D4-1D3A-49A1-8E6A-3F4397EC4098}.Release|x64.ActiveCfg = Release|x64
		{1EFC50D4-1D3A-49A1-8E6A-3F4397EC4098}.Release|x64.Build.0 = Release|x64
		{1EFC50D4-1D3A-49A1-8E6A-3F4397EC4098}.Release|x86.ActiveCfg = Release|Win32
		{1EFC50D4-1D3A-49A1-8E6A-3F4397EC4098}.Release|x86.Build.0 = Release|Win32
		{75CED810-E9A5-43BD-9462-3A5D8D978C1B}.Debug|x64.ActiveCfg = Debug|x64
		{75CED810-E9A5-43BD-9462-3A5D8D978C1B}.Debug|x64.Build.0 = Debug|x64
		{75CED810-E9A5-43BD-9462-3A5D8D978C1B}.Debug|x86.ActiveCfg = Debug|Win32
		{75CED810-E9A5-43BD-9462-3A5D8D978C1B}.Debug|x86.Build.0 = Debug|Win32
		{75CED810-E9A5-43BD-9462-3A5D8D978C1B}.Release|x64.ActiveCfg = Release|x64
		{75CED810-E9A5-43BD-9462-3A5D8D978C1B}.Release|x64.Build.0 = Release|x64
		{75CED810-E9A5-43BD-9462-3A5D8D978C1B}.Release|x86.ActiveCfg = Release|Win32
		{75CED810-E9A5-43BD-9462-3A5D8D978C1B}.Release|x86.Build.0 = Release|Win32
		{9EFE7CA7-896E-421A-90C3-C85A750C29A7}.Debug|x64.ActiveCfg = Debug|x64
		{9EFE7CA7-896E-421A-90C3-C85A750C29A7}.Debug|x64.Build.0 = Debug|x64
		{9EFE7CA7-896E-421A-90C3-C85A750C29A7}.Debug|x86.ActiveCfg = Debug|Win32
		{9EFE7CA7-896E-421A-90C3-C85A750C29A7}.Debug|x86.Build.0 = Debug|Win32
		{9EFE7CA7-896E-421A-90C3-C85A750C29A7}.Release|x64.ActiveCfg = Release|x64
		{9EFE7CA7-896E-421A-90C3-C85A750C29A7}.Release|x64.Build.0 = Release|x64
		{9EFE7CA7-896E-421A-90C3-C85A750C29A7}.Release|x86.ActiveCfg = Release|Win32
		{9EFE7CA7-896E-421A-90C3-C85A750C29A7}.Release|x86.Build.0 = Release|Win32
		{B402A6B8-7344-4D56-9325-79B556DF3E8A}.Debug|x64.ActiveCfg = Debug|x64
		{B402A6B8-7344-4D56-9325-79B556DF3E8A}.Debug|x64.Build.0 = Debug|x64
		{B402A6B8-7344-4D56-9325-79B556DF3E8A}.Debug|x86.ActiveCfg = Debug|Win32
		{B402A6B8-7344-4D56-9325-79B556DF3E8A}.Debug|x86.Build.0 = Debug|Win32
		{B402A6B8-7344-4D56-9325-79B556DF3E8A}.Release|x64.ActiveCfg = Release|x64
		{B402A6B8-7344-4D56-9325-79B556DF3E8A}.Release|x64.Build.0 = Release|x64
		{B402A6B8-7344-4D56-9325-79B556DF3E8A}.Release|x86.ActiveCfg = Release|Win32
		{B402A6B8-7344-4D56-9325-79B556DF3E8A}.Release|x86.Build.0 = Release|Win32
		{04909DE6-5510-45F8-A458-BCC367F3BAB2}.Debug|x64.ActiveCfg = Debug|x64
		{04909DE6-5510-45F8-A458-BCC367F3BAB2}.Debug|x64.Build.0 = Debug|x64
		{04909DE6-5510-45F8-A458-BCC367F3BAB2}.Debug|x86.ActiveCfg = Debug|Win32
		{04909DE6-5510-45F8-A458-BCC367F3BAB2}.Debug|x86.Build.0 = Debug|Win32
		{04909DE6-5510-45F8-A458-BCC367F3BAB2}.Release|x64.ActiveCfg = Release|x64
		{04909DE6-5510-45F8-A458-BCC367F3BAB2}.Release|x64.Build.0 = Release|x64
		{04909DE6-5510-45F8-A458-BCC367F3BAB2}.Release|x86.ActiveCfg = Release|Win32
		{04909DE6-5510-45F8-A458-BCC367F3BAB2}.Release|x86.Build.0 = Release|Win32
		{A31AE2BE-516B-4E2A-8E3F-171D7D50880D}.Debug|x64.ActiveCfg = Debug|x64
		{A31AE2BE-516B-4E2A-8E3F-171D7D50880D}.Debug|x64.Build.0 = Debug|x64
		{A31AE2BE-516B-4E2A-8E3F-171D7D50880D}.Debug|x86.ActiveCfg = Debug|Win32
		{A31AE2BE-516B-4E2A-8E3F-171D7D50880D}.Debug|x86.Build.0 = Debug|Win32
		{A31AE2BE-516B-4E2A-8E3F-171D7D50880D}.Release|x64.ActiveCfg = Release|x64
		{A31AE2BE-516B-4E2A-8E3F-171D7D50880D}.Release|x64.Build.0 = Release|x64
		{A31AE2BE-516B-4E2A-8E3F-171D7D50880D}.Release|x86.ActiveCfg = Release|Win32
		{A31AE2BE-516B-4E2A-8E3F-171D7D50880D}.Release|x86.Build.0 = Release|Win32
		{C7077803-3B3A-4478-9791-5C5826719DE1}.Debug|x64.ActiveCfg = Debug|x64
		{C7077803-3B3A-4478-9791-5C5826719DE1}.Debug|x64.Build.0 = Debug|x64
		{C7077803-3B3A-4478-9791-5C5826719DE1}.Debug|x86.ActiveCfg = Debug|Win32
		{C7077803-3B3A-4478-9791-5C5826719DE1}.Debug|x86.Build.0 = Debug|Win32
		{C7077803-3B3A-4478-9791-5C5826719DE1}.Release|x64.ActiveCfg = Release|x64
		{C7077803-3B3A-4478-9791-5C5826719DE1}.Release|x64.Build.0 = Release|x64
		{C7077803-3B3A-4478-9791-5C5826719DE1}.Release|x86.ActiveCfg = Release|Win32
		{C7077803-3B3A-4478-9791-5C5826719DE1}.Release|x86.Build.0 = Release|Win32
		{D62EEB9F-996C-442B-B28F-C4D347918A45}.Debug|x64.ActiveCfg = Debug|x64
		{D62EEB9F-996C-442B-B28F-C4D347918A45}.Debug|x64.Build.0 = Debug|x64
		{D62EEB9F-996C-442B-B28F-C4D347918A45}.Debug|x86.ActiveCfg = Debug|Win32
		{D62EEB9F-996C-442B-B28F-C4D347918A45}.Debug|x86.Build.0 = Debug|Win32
		{D62EEB9F-996C-442B-B28F-C4D347918A45}.Release|x64.ActiveCfg = Release|x64
		{D62EEB9F-996C-442B-B28F-C4D347918A45}.Release|x64.Build.0 = Release|x64
		{D62EEB9F-996C-442B-B28F-C4D347918A45}.Release|x86.ActiveCfg = Release|Win32
		{D62EEB9F-996C-442B-B28F-C4D347918A45}.Release|x86.Build.0 = Release|Win32
		{361C6817-7DC5-442F-AA93-B26928FD4180}.Debug|x64.ActiveCfg = Debug|x64
		{361C6817-7DC5-442F-AA93-B26928FD4180}.Debug|x64.Build.0 = Debug|x64
		{361C6817-7DC5-442F-AA93-B26928FD4180}.Debug|x86.ActiveCfg = Debug|Win32
		{361C6817-7DC5-442F-AA93-B26928FD4180}.Debug|x86.Build.0 = Debug|Win32
		{361C6817-7DC5-442F-AA93-B26928FD4180}.Release|x64.ActiveCfg = Release|x64
		{361C6817-7DC5-442F-AA93-B26928FD4180}.Release|x64.Build.0 = Release|x64
		{361C6817-7DC5-442F-AA93-B26928FD4180}.Release|x86.ActiveCfg = Release|Win32
		{361C6817-7DC5-442F-AA93-B26928FD4180}.Release|x86.Build.0 = Release|Win32
		{5DCF30D5-AF8B-44A8-8534-93DD119D00BB}.Debug|x64.ActiveCfg = Debug|x64
		{5DCF30D5-AF8B-44A8-8534-93DD119D00BB}.Debug|x64.Build.0 = Debug|x64
		{5DCF30D5-AF8B-44A8-8534-93DD119D00BB}.Debug|x86.ActiveCfg = Debug|Win32
		{5DCF30D5-AF8B-44A8-8534-93DD119D00BB}.Debug|x86.Build.0 = Debug|Win32
		{5DCF30D5-AF8B-44A8-8534-93DD119D00BB}.Release|x64.ActiveCfg = Release|x64
		{5DCF30D5-AF8B-44A8-8534-93DD119D00BB}.Release|x64.Build.0 = Release|x64
		{5DCF30D5-AF8B-44A8-8534-93DD119D00BB}.Release|x86.ActiveCfg = Release|Win32
		{5DCF30D5-AF8B-44A8-8534-93DD119D00BB}.Release|x86.Build.0 = Release|Win32
		{91F54DD8-6418-4A13-A598-506D1A2B3716}.Debug|x64.ActiveCfg = Debug|x64
		{91F54DD8-6418-4A13-A598-506D1A2B3716}.Debug|x64.Build.0 = Debug|x64
		{91F54DD8-6418-4A13-A598-506D1A2B3716}.Debug|x86.ActiveCfg = Debug|Win32
		{91F54DD8-6418-4A13-A598-506D1A2B3716}.Debug|x86.Build.0 = Debug|Win32
		{91F54DD8-6418-4A13-A598-506D1A2B3716}.Release|x64.ActiveCfg = Release|x64
		{91F54DD8-6418-4A13-A598-506D1A2B3716}.Release|x64.Build.0 = Release|x64
		{91F54DD8-6418-4A13-A598-506D1A2B3716}.Release|x86.ActiveCfg = Release|Win32
		{91F54DD8-6418-4A13-A598-506D1A2B3716}.Release|x86.Build.0 = Release|Win32
		{E6614197-EE9C-4D15-8827-292E37A5C129}.Debug|x64.ActiveCfg = Debug|x64
		{E6614197-EE9C-4D15-8827-292E37A5C129}.Debug|x64.Build.0 = Debug|x64
		{E6614197-EE9C-4D15-8827-292E37A5C129}.Debug|x86.ActiveCfg = Debug|Win32
		{E6614197-EE9C-4D15-8827-292E37A5C129}.Debug|x86.Build.0 = Debug|Win32
		{E6614197-EE9C-4D15-8827-292E37A5C129}.Release|x64.ActiveCfg = Release|x64
		{E6614197-EE9C-4D15-8827-292E37A5C129}.Release|x64.Build.0 = Release|x64
		{E6614197-EE9C-4D15-8827-292E37A5C129}.Release|x86.ActiveCfg = Release|Win32
		{E6614197-EE9C-4D15-8827-292E37A5C129}.Release|x86.Build.0 = Release|Win32
		{87DA4A9E-5F2C-4A57-BFAA-285F4801B3B6}.Debug|x64.ActiveCfg = Debug|x64
		{87DA4A9E-5F2C-4A57-BFAA-285F4801B3B6}.Debug|x64.Build.0 = Debug|x64
		{87DA4A9E-5F2C-4A57-BFAA-285F4801B3B6}.Debug|x86.ActiveCfg = Debug|Win32
		{87DA4A9E-5F2C-4A57-BFAA-285F4801B3B6}.Debug|x86.Build.0 = Debug|Win32
		{87DA4A9E-5F2C-4A57-BFAA-285F4801B3B6}.Release|x64.ActiveCfg = Release|x64
		{87DA4A9E-5F2C-4A57-BFAA-285F4801B3B6}.Release|x64.Build.0 = Release|x64
		{87DA4A9E-5F2C-4A57-BFAA-285F4801B3B6}.Release|x86.ActiveCfg = Release|Win32
		{87DA4A9E-5F2C-4A57-BFAA-285F4801B3B6}.Release|x86.Build.0 = Release|Win32
		{E6FEFF1E-247D-406E-980C-35D5754B4B20}.Debug|x64.ActiveCfg = Debug|x64
		{E6FEFF1E-247D-406E-980C-35D5754B4B20}.Debug|x64.Build.0 = Debug|x64
		{E6FEFF1E-247D-406E-980C-35D5754B4B20}.Debug|x86.ActiveCfg = Debug|Win32
		{E6FEFF1E-247D-406E-980C-35D5754B4B20}.Debug|x86.Build.0 = Debug|Win32
		{E6FEFF1E-247D-406E-980C-35D5754B4B20}.Release|x64.ActiveCfg = Release|x64
		{E6FEFF1E-247D-406E-980C-35D5754B4B20}.Release|x64.Build.0 = Release|x64
		{E6FEFF1E-247D-406E-980C-35D5754B4B20}.Release|x86.ActiveCfg = Release|Win32
		{E6FEFF1E-247D-406E-980C-35D5754B4B20}.Release|x86.Build.0 = Release|Win32
		{F0344239-5B95-46BF-B9BC-5C4D277584C7}.Debug|x64.ActiveCfg = Debug|x64
		{F0344239-5B95-46BF-B9BC-5C4D277584C7}.Debug|x64.Build.0 = Debug|x64
		{F0344239-5B95-46BF-B9BC-5C4D277584C7}.Debug|x86.ActiveCfg = Debug|Win32
		{F0344239-5B95-46BF-B9BC-5C4D277584C7}.Debug|x86.Build.0 = Debug|Win32
		{F0344239-5B95-46BF-B9BC-5C4D277584C7}.Release|x64.ActiveCfg = Release|x64
		{F0344239-5B95-46BF-B9BC-5C4D277584C7}.Release|x64.Build.0 = Release|x64
		{F0344239-5B95-46BF-B9BC-5C4D277584C7}.Release|x86.ActiveCfg = Release|Win32
		{F0344239-5B95-46BF-B9BC-5C4D277584C7}.Release|x86.Build.0 = Release|Win32
		{30F9699F-8518-4ACB-946C-40CA00EDFCC0}.Debug|x64.ActiveCfg = Debug|x64
		{30F9699F-8518-4ACB-946C-40CA00EDFCC0}.Debug|x64.Build.0 = Debug|x64
		{30F9699F-8518-4ACB-946C-40CA00EDFCC0}.Debug|x86.ActiveCfg = Debug|Win32
		{30F9699F-8518-4ACB-946C-40CA00EDFCC0}.Debug|x86.Build.0 = Debug|Win32
		{30F9699F-8518-4ACB-946C-40CA00EDFCC0}.Release|x64.ActiveCfg = Release|x64
		{30F9699F-8518-4ACB-946C-40CA00EDFCC0}.Release|x64.Build.0 = Release|x64
		{30F9699F-8518-4ACB-946C-40CA00EDFCC0}.Release|x86.ActiveCfg = Release|Win32
		{30F9699F-8518-4ACB-946C-40CA00EDFCC0}.Release|x86.Build.0 = Release|Win32
		{49324FD1-9FA3-45AB-A055-FED6BDCCD701}.Debug|x64.ActiveCfg = Debug|x64
		{49324FD1-9FA3-45AB-A055-FED6BDCCD701}.Debug|x64.Build.0 = Debug|x64
		{49324FD1-9FA3-45AB-A055-FED6BDCCD701}.Debug|x86.ActiveCfg = Debug|Win32
		{49324FD1-9FA3-45AB-A055-FED6BDCCD701}.Debug|x86.Build.0 = Debug|Win32
		{49324FD1-9FA3-45AB-A055-FED6BDCCD701}.Release|x64.ActiveCfg = Release|x64
		{49324FD1-9FA3-45AB-A055-FED6BDCCD701}.Release|x64.Build.0 = Release|x64
		{49324FD1-9FA3-45AB-A055-FED6BDCCD701}.Release|x86.ActiveCfg = Release|Win32
		{49324FD1-9FA3-45AB-A055-FED6BDCCD701}.Release|x86.Build.0 = Release|Win32
		{8C9E463A-7F9F-4EEC-85AE-B5883D4F926C}.Debug|x64.ActiveCfg = Debug|x64
		{8C9E463A-7F9F-4EEC-85AE-B5883D4F926C}.Debug|x64.Build.0 = Debug|x64
		{8C9E463A-7F9F-4EEC-85AE-B5883D4F926C}.Debug|x86.ActiveCfg = Debug|Win32
		{8C9E463A-7F9F-4EEC-85AE-B5883D4F926C}.Debug|x86.Build.0 = Debug|Win32
		{8C9E463A-7F9F-4EEC-85AE-B5883D4F926C}.Release|x64.ActiveCfg = Release|x64
		{8C9E463A-7F9F-4EEC-85AE-B5883D4F926C}.Release|x64.Build.0 = Release|x64
		{8C9E463A-7F9F-4EEC-85AE-B5883D4F926C}.Release|x86.ActiveCfg = Release|Win32
		{8C9E463A-7F9F-4EEC-85AE-B5883D4F926C}.Release|x86.Build.0 = Release|Win32
		{20A98095-E6CF-41C7-82F0-3820B1DA28B1}.Debug|x64.ActiveCfg = Debug|x64
		{20A98095-E6CF-41C7-82F0-3820B1DA28B1}.Debug|x64.Build.0 = Debug|x64
		{20A98095-E6CF-41C7-82F0-3820B1DA28B1}.Debug|x86.ActiveCfg = Debug|Win32
		{20A98095-E6CF-41C7-82F0-3820B1DA28B1}.Debug|x86.Build.0 = Debug|Win32
		{20A98095-E6CF-41C7-82F0-3820B1DA28B1}.Release|x64.ActiveCfg = Release|x64
		{20A98095-E6CF-41C7-82F0-3820B1DA28B1}.Release|x64.Build.0 = Release|x64
		{20A98095-E6CF-41C7-82F0-3820B1DA28B1}.Release|x86.ActiveCfg = Release|Win32
		{20A98095-E6CF-41C7-82F0-3820B1DA28B1}.Release|x86.Build.0 = Release|Win32
		{E2E2F90D-B4E1-4ED9-95FE-7F904D11307D}.Debug|x64.ActiveCfg = Debug|x64
		{E2E2F90D-B4E1-4ED9-95FE-7F904D11307D}.Debug|x64.Build.0 = Debug|x64
		{E2E2F90D-B4E1-4ED9-95FE-7F904D11307D}.Debug|x86.ActiveCfg = Debug|Win32
		{E2E2F90D-B4E1-4ED9-95FE-7F904D11307D}.Debug|x86.Build.0 = Debug|Win32
		{E2E2F90D-B4E1-4ED9-95FE-7F904D11307D}.Release|x64.ActiveCfg = Release|x64
		{E2E2F90D-B4E1-4ED9-95FE-7F904D11307D}.Release|x64.Build.0 = Release|x64
		{E2E2F90D-B4E1-4ED9-95FE-7F904D11307D}.Release|x86.ActiveCfg = Release|Win32
		{E2E2F90D-B4E1-4ED9-95FE-7F904D11307D}.Release|x86.Build.0 = Release|Win32
		{455609C8-5717-4622-B650-FFD3A11C4EC8}.Debug|x64.ActiveCfg = Debug|x64
		{455609C8-5717-4622-B650-FFD3A11C4EC8}.Debug|x64.Build.0 = Debug|x64
		{455609C8-5717-4622-B650-FFD3A11C4EC8}.Debug|x86.ActiveCfg = Debug|Win32
		{455609C8-5717-4622-B650-FFD3A11C4EC8}.Debug|x86.Build.0 = Debug|Win32
		{455609C8-5717-4622-B650-FFD3A11C4EC8}.Release|x64.ActiveCfg = Release|x64
		{455609C8-5717-4622-B650-FFD3A11C4EC8}.Release|x64.Build.0 = Release|x64
		{455609C8-5717-4622-B650-FFD3A11C4EC8}.Release|x86.ActiveCfg = Release|Win32
		{455609C8-5717-4622-B650-FFD3A11C4EC8}.Release|x86.Build.0 = Release|Win32
		{C4BD1130-E5E7-48B8-B4B8-BF56D169BC7F}.Debug|x64.ActiveCfg = Debug|x64
		{C4BD1130-E5E7-48B8-B4B8-BF56D169BC7F}.Debug|x64.Build.0 = Debug|x64
		{C4BD1130-E5E7-48B8-B4B8-BF56D169BC7F}.Debug|x86.ActiveCfg = Debug|Win32
		{C4BD1130-E5E7-48B8-B4B8-BF56D169BC7F}.Debug|x86.Build.0 = Debug|Win32
		{C4BD1130-E5E7-48B8-B4B8-BF56D169BC7F}.Release|x64.ActiveCfg = Release|x64
		{C4BD1130-E5E7-48B8-B4B8-BF56D169BC7F}.Release|x64.Build.0 = Release|x64
		{C4BD1130-E5E7-48B8-B4B8-BF56D169BC7F}.Release|x86.ActiveCfg = Release|Win32
		{C4BD1130-E5E7-48B8-B4B8-BF56D169BC7F}.Release|x86.Build.0 = Release|Win32
		{2A773D4B-7D9B-43D4-AF90-453831210CCF}.Debug|x64.ActiveCfg = Debug|x64
		{2A773D4B-7D9B-43D4-AF90-453831210CCF}.Debug|x64.Build.0 = Debug|x64
		{2A773D4B-7D9B-43D4-AF90-453831210CCF}.Debug|x86.ActiveCfg = Debug|Win32
		{2A773D4B-7D9B-43D4-AF90-453831210CCF}.Debug|x86.Build.0 = Debug|Win32
		{2A773D4B-7D9B-43D4-AF90-453831210CCF}.Release|x64.ActiveCfg = Release|x64
		{2A773D4B-7D9B-43D4-AF90-453831210CCF}.Release|x64.Build.0 = Release|x64
		{2A773D4B-7D9B-43D4-AF90-453831210CCF}.Release|x86.ActiveCfg = Release|Win32
		{2A773D4B-7D9B-43D4-AF90-453831210CCF}.Release|x86.Build.0 = Release|Win32
		{E17B5064-9722-4F88-BA01-BCFA1A8F8600}.Debug|x64.ActiveCfg = Debug|x64
		{E17B5064-9722-4F88-BA01-BCFA1A8F8600}.Debug|x64.Build.0 = Debug|x64
		{E17B5064-9722-4F88-BA01-BCFA1A8F8600}.Debug|x86.ActiveCfg = Debug|Win32
		{E17B5064-9722-4F88-BA01-BCFA1A8F8600}.Debug|x86.Build.0 = Debug|Win32
		{E17B5064-9722-4F88-BA01-BCFA1A8F8600}.Release|x64.ActiveCfg = Release|x64
		{E17B5064-9722-4F88-BA01-BCFA1A8F8600}.Release|x64.Build.0 = Release|x64
		{E17B5064-9722-4F88-BA01-BCFA1A8F8600}.Release|x86.ActiveCfg = Release|Win32
		{E17B5064-9722-4F88-BA01-BCFA1A8F8600}.Release|x86.Build.0 = Release|Win32
		{25D9AF8C-0C64-4D72-93EF-E052F40B4EB4}.Debug|x64.ActiveCfg = Debug|x64
		{25D9AF8C-0C64-4D72-93EF-E052F40B4EB4}.Debug|x64.Build.0 = Debug|x64
		{25D9AF8C-0C64-4D72-93EF-E052F40B4EB4}.Debug|x86.ActiveCfg = Debug|Win32
		{25D9AF8C-0C64-4D72-93EF-E052F40B4EB4}.Debug|x86.Build.0 = Debug|Win32
		{25D9AF8C-0C64-4D72-93EF-E052F40B4EB4}.Release|x64.ActiveCfg = Release|x64
		{25D9AF8C-0C64-4D72-93EF-E052F40B4EB4}.Release|x64.Build.0 = Release|x64
		{25D9AF8C-0C64-4D72-93EF-E052F40B4EB4}.Release|x86.ActiveCfg = Release|Win32
		{25D9AF8C-0C64-4D72-93EF-E052F40B4EB4}.Release|x86.Build.0 = Release|Win32
		{6F72DD4B-C0FD-4E27-819A-9802E503A115}.Debug|x64.ActiveCfg = Debug|x64
		{6F72DD4B-C0FD-4E27-819A-9802E503A115}.Debug|x64.Build.0 = Debug|x64
		{6F72DD4B-C0FD-4E27-819A-9802E503A115}.Debug|x86.ActiveCfg = Debug|Win32
		{6F72DD4B-C0FD-4E27-819A-9802E503A115}.Debug|x86.Build.0 = Debug|Win32
		{6F72DD4B-C0FD-4E27-819A-9802E503A115}.Release|x64.ActiveCfg = Release|x64
		{6F72DD4B-C0FD-4E27-819A-9802E503A115}.Release|x64.Build.0 = Release|x64
		{6F72DD4B-C0FD-4E27-819A-9802E503A115}.Release|x86.ActiveCfg = Release|Win32
		{6F72DD4B-C0FD-4E27-819A-9802E503A115}.Release|x86.Build.0 = Release|Win32
		{8929E56A-678D-40A9-BA15-93A723F6A24E}.Debug|x64.ActiveCfg = Debug|x64
		{8929E56A-678D-40A9-BA15-93A723F6A24E}.Debug|x64.Build.0 = Debug|x64
		{8929E56A-678D-40A9-BA15-93A723F6A24E}.Debug|x86.ActiveCfg = Debug|Win32
		{8929E56A-678D-40A9-BA15-93A723F6A24E}.Debug|x86.Build.0 = Debug|Win32
		{8929E56A-678D-40A9-BA15-93A723F6A24E}.Release|x64.ActiveCfg = Release|x64
		{8929E56A-678D-40A9-BA15-93A723F6A24E}.Release|x64.Build.0 = Release|x64
		{8929E56A-678D-40A9-BA15-93A723F6A24E}.Release|x86.ActiveCfg = Release|Win32
		{8929E56A-678D-40A9-BA15-93A723F6A24E}.Release|x86.Build.0 = Release|Win32
		{6755F258-AECB-48A2-8586-5F3893E456B8}.Debug|x64.ActiveCfg = Debug|x64
		{6755F258-AECB-48A2-8586-5F3893E456B8}.Debug|x64.Build.0 = Debug|x64
		{6755F258-AECB-48A2-8586-5F3893E456B8}.Debug|x86.ActiveCfg = Debug|Win32
		{6755F258-AECB-48A2-8586-5F3893E456B8}.Debug|x86.Build.0 = Debug|Win32
		{6755F258-AECB-48A2-8586-5F3893E456B8}.Release|x64.ActiveCfg = Release|x64
		{6755F258-AECB-48A2-8586-5F3893E456B8}.Release|x64.Build.0 = Release|x64
		{6755F258-AECB-48A2-8586-5F3893E456B8}.Release|x86.ActiveCfg = Release|Win32
		{6755F258-AECB-48A2-8586-5F3893E456B8}.Release|x86.Build.0 = Release|Win32
	EndGlobalSection
	GlobalSection(SolutionProperties) = preSolution
		HideSolutionNode = FALSE
	EndGlobalSection
	GlobalSection(NestedProjects) = preSolution
		{80CAD05B-86B5-408B-B44F-C5FCBD0E78F2} = {C7FE55D3-0F19-446A-BFFE-459ABCDD3865}
		{A3217098-3F28-4190-875D-C441E7584EED} = {C7FE55D3-0F19-446A-BFFE-459ABCDD3865}
		{9B745C51-7228-4956-B997-8C02AFF9A0D0} = {C7FE55D3-0F19-446A-BFFE-459ABCDD3865}
		{6F6BA9B2-3667-4297-8B98-92D741E58A8C} = {C7FE55D3-0F19-446A-BFFE-459ABCDD3865}
		{734059AB-9ED1-4A42-B4C5-CAC4F59C21DF} = {C7FE55D3-0F19-446A-BFFE-459ABCDD3865}
		{6B71FA0D-9607-4C98-B71A-141FF47525E8} = {C7FE55D3-0F19-446A-BFFE-459ABCDD3865}
		{D5BB059E-CB8D-4724-99E5-9D180B74BE54} = {522E57F8-3CF3-43BC-8C3B-DB2CEF6B83D3}
		{49739A8B-060E-4C4F-9B74-B53DEF40F502} = {522E57F8-3CF3-43BC-8C3B-DB2CEF6B83D3}
		{91629F89-839B-4ECE-8DF5-6788B12FE70D} = {522E57F8-3CF3-43BC-8C3B-DB2CEF6B83D3}
		{5A49B5A9-96BF-4C0F-BF5D-C44103C73266} = {522E57F8-3CF3-43BC-8C3B-DB2CEF6B83D3}
		{77C114FE-1580-4263-915A-37AE46866F03} = {522E57F8-3CF3-43BC-8C3B-DB2CEF6B83D3}
		{2031D3EA-E1DF-462C-926D-BA540C134D9F} = {522E57F8-3CF3-43BC-8C3B-DB2CEF6B83D3}
		{1EFC50D4-1D3A-49A1-8E6A-3F4397EC4098} = {522E57F8-3CF3-43BC-8C3B-DB2CEF6B83D3}
		{75CED810-E9A5-43BD-9462-3A5D8D978C1B} = {522E57F8-3CF3-43BC-8C3B-DB2CEF6B83D3}
		{9EFE7CA7-896E-421A-90C3-C85A750C29A7} = {522E57F8-3CF3-43BC-8C3B-DB2CEF6B83D3}
		{B402A6B8-7344-4D56-9325-79B556DF3E8A} = {522E57F8-3CF3-43BC-8C3B-DB2CEF6B83D3}
		{04909DE6-5510-45F8-A458-BCC367F3BAB2} = {522E57F8-3CF3-43BC-8C3B-DB2CEF6B83D3}
		{A31AE2BE-516B-4E2A-8E3F-171D7D50880D} = {522E57F8-3CF3-43BC-8C3B-DB2CEF6B83D3}
		{C7077803-3B3A-4478-9791-5C5826719DE1} = {943C4D8F-376E-4A3C-8098-F2BB7ED3A7C0}
		{D62EEB9F-996C-442B-B28F-C4D347918A45} = {943C4D8F-376E-4A3C-8098-F2BB7ED3A7C0}
		{361C6817-7DC5-442F-AA93-B26928FD4180} = {943C4D8F-376E-4A3C-8098-F2BB7ED3A7C0}
		{5DCF30D5-AF8B-44A8-8534-93DD119D00BB} = {943C4D8F-376E-4A3C-8098-F2BB7ED3A7C0}
		{91F54DD8-6418-4A13-A598-506D1A2B3716} = {943C4D8F-376E-4A3C-8098-F2BB7ED3A7C0}
		{E6614197-EE9C-4D15-8827-292E37A5C129} = {943C4D8F-376E-4A3C-8098-F2BB7ED3A7C0}
		{87DA4A9E-5F2C-4A57-BFAA-285F4801B3B6} = {943C4D8F-376E-4A3C-8098-F2BB7ED3A7C0}
		{E6FEFF1E-247D-406E-980C-35D5754B4B20} = {943C4D8F-376E-4A3C-8098-F2BB7ED3A7C0}
		{F0344239-5B95-46BF-B9BC-5C4D277584C7} = {943C4D8F-376E-4A3C-8098-F2BB7ED3A7C0}
		{30F9699F-8518-4ACB-946C-40CA00EDFCC0} = {943C4D8F-376E-4A3C-8098-F2BB7ED3A7C0}
		{49324FD1-9FA3-45AB-A055-FED6BDCCD701} = {6C597C3A-1CDE-4169-B5B8-8FBE271B3C44}
		{8C9E463A-7F9F-4EEC-85AE-B5883D4F926C} = {6C597C3A-1CDE-4169-B5B8-8FBE271B3C44}
		{20A98095-E6CF-41C7-82F0-3820B1DA28B1} = {6C597C3A-1CDE-4169-B5B8-8FBE271B3C44}
		{E2E2F90D-B4E1-4ED9-95FE-7F904D11307D} = {6C597C3A-1CDE-4169-B5B8-8FBE271B3C44}
		{455609C8-5717-4622-B650-FFD3A11C4EC8} = {6C597C3A-1CDE-4169-B5B8-8FBE271B3C44}
		{C4BD1130-E5E7-48B8-B4B8-BF56D169BC7F} = {6C597C3A-1CDE-4169-B5B8-8FBE271B3C44}
		{2A773D4B-7D9B-43D4-AF90-453831210CCF} = {6C597C3A-1CDE-4169-B5B8-8FBE271B3C44}
		{E17B5064-9722-4F88-BA01-BCFA1A8F8600} = {6C597C3A-1CDE-4169-B5B8-8FBE271B3C44}
		{25D9AF8C-0C64-4D72-93EF-E052F40B4EB4} = {6C597C3A-1CDE-4169-B5B8-8FBE271B3C44}
		{6F72DD4B-C0FD-4E27-819A-9802E503A115} = {6C597C3A-1CDE-4169-B5B8-8FBE271B3C44}
		{8929E56A-678D-40A9-BA15-93A723F6A24E} = {F329F2CC-5A30-4A07-B97F-EFE3EAA2B45A}
		{6755F258-AECB-48A2-8586-5F3893E456B8} = {F329F2CC-5A30-4A07-B97F-EFE3EAA2B45A}
	EndGlobalSection
	GlobalSection(ExtensibilityGlobals) = postSolution
		SolutionGuid = {F1FC9D3C-9137-481C-82A2-F17128A1ECFF}
	EndGlobalSection
EndGlobal
