
Microsoft Visual Studio Solution File, Format Version 12.00
# Visual Studio Version 16
VisualStudioVersion = 16.0.29709.97
MinimumVisualStudioVersion = 10.0.40219.1
Project("{8BC9CEB8-8B4A-11D0-8D11-00A0C91BC942}") = "15-8", "15-8.vcxproj", "{60158379-DC8D-4823-A453-3815300728A1}"
EndProject
Project("{8BC9CEB8-8B4A-11D0-8D11-00A0C91BC942}") = "15-9", "..\15-9\15-9.vcxproj", "{70484BA0-C209-4009-A51A-ACF94830C4E8}"
EndProject
Project("{2150E333-8FDC-42A3-9474-1A3956D46DE8}") = "chapter16", "chapter16", "{C7FE55D3-0F19-446A-BFFE-459ABCDD3865}"
EndProject
Project("{8BC9CEB8-8B4A-11D0-8D11-00A0C91BC942}") = "16-1", "..\16-1\16-1.vcxproj", "{80CAD05B-86B5-408B-B44F-C5FCBD0E78F2}"
EndProject
Project("{8BC9CEB8-8B4A-11D0-8D11-00A0C91BC942}") = "16-2", "..\16-2\16-2.vcxproj", "{A3217098-3F28-4190-875D-C441E7584EED}"
EndProject
Project("{8BC9CEB8-8B4A-11D0-8D11-00A0C91BC942}") = "16-3", "..\16-3\16-3.vcxproj", "{9B745C51-7228-4956-B997-8C02AFF9A0D0}"
EndProject
Project("{8BC9CEB8-8B4A-11D0-8D11-00A0C91BC942}") = "16-4", "..\16-4\16-4.vcxproj", "{6F6BA9B2-3667-4297-8B98-92D741E58A8C}"
EndProject
Project("{8BC9CEB8-8B4A-11D0-8D11-00A0C91BC942}") = "16-5", "..\16-5\16-5.vcxproj", "{734059AB-9ED1-4A42-B4C5-CAC4F59C21DF}"
EndProject
Project("{8BC9CEB8-8B4A-11D0-8D11-00A0C91BC942}") = "16-6", "..\16-6\16-6.vcxproj", "{6B71FA0D-9607-4C98-B71A-141FF47525E8}"
EndProject
Project("{2150E333-8FDC-42A3-9474-1A3956D46DE8}") = "chaoter17", "chaoter17", "{522E57F8-3CF3-43BC-8C3B-DB2CEF6B83D3}"
EndProject
Project("{8BC9CEB8-8B4A-11D0-8D11-00A0C91BC942}") = "17-1", "..\17-1\17-1.vcxproj", "{D5BB059E-CB8D-4724-99E5-9D180B74BE54}"
EndProject
Project("{8BC9CEB8-8B4A-11D0-8D11-00A0C91BC942}") = "17-2", "..\17-2\17-2.vcxproj", "{49739A8B-060E-4C4F-9B74-B53DEF40F502}"
EndProject
Project("{8BC9CEB8-8B4A-11D0-8D11-00A0C91BC942}") = "17-3", "..\17-3\17-3.vcxproj", "{91629F89-839B-4ECE-8DF5-6788B12FE70D}"
EndProject
Project("{8BC9CEB8-8B4A-11D0-8D11-00A0C91BC942}") = "17-4", "..\17-4\17-4.vcxproj", "{5A49B5A9-96BF-4C0F-BF5D-C44103C73266}"
EndProject
Project("{8BC9CEB8-8B4A-11D0-8D11-00A0C91BC942}") = "17-5", "..\17-5\17-5.vcxproj", "{77C114FE-1580-4263-915A-37AE46866F03}"
EndProject
Project("{8BC9CEB8-8B4A-11D0-8D11-00A0C91BC942}") = "17-6", "..\17-6\17-6.vcxproj", "{2031D3EA-E1DF-462C-926D-BA540C134D9F}"
EndProject
Project("{8BC9CEB8-8B4A-11D0-8D11-00A0C91BC942}") = "17-7", "..\17-7\17-7.vcxproj", "{1EFC50D4-1D3A-49A1-8E6A-3F4397EC4098}"
EndProject
Project("{8BC9CEB8-8B4A-11D0-8D11-00A0C91BC942}") = "17-8", "..\17-8\17-8.vcxproj", "{75CED810-E9A5-43BD-9462-3A5D8D978C1B}"
EndProject
Project("{8BC9CEB8-8B4A-11D0-8D11-00A0C91BC942}") = "17-9", "..\17-9\17-9.vcxproj", "{9EFE7CA7-896E-421A-90C3-C85A750C29A7}"
EndProject
Project("{8BC9CEB8-8B4A-11D0-8D11-00A0C91BC942}") = "17-10", "..\17-10\17-10.vcxproj", "{B402A6B8-7344-4D56-9325-79B556DF3E8A}"
EndProject
Project("{8BC9CEB8-8B4A-11D0-8D11-00A0C91BC942}") = "17-11", "..\17-11\17-11.vcxproj", "{04909DE6-5510-45F8-A458-BCC367F3BAB2}"
EndProject
Project("{8BC9CEB8-8B4A-11D0-8D11-00A0C91BC942}") = "17-12", "..\17-12\17-12.vcxproj", "{A31AE2BE-516B-4E2A-8E3F-171D7D50880D}"
EndProject
Global
	GlobalSection(SolutionConfigurationPlatforms) = preSolution
		Debug|x64 = Debug|x64
		Debug|x86 = Debug|x86
		Release|x64 = Release|x64
		Release|x86 = Release|x86
	EndGlobalSection
	GlobalSection(ProjectConfigurationPlatforms) = postSolution
		{60158379-DC8D-4823-A453-3815300728A1}.Debug|x64.ActiveCfg = Debug|x64
		{60158379-DC8D-4823-A453-3815300728A1}.Debug|x64.Build.0 = Debug|x64
		{60158379-DC8D-4823-A453-3815300728A1}.Debug|x86.ActiveCfg = Debug|Win32
		{60158379-DC8D-4823-A453-3815300728A1}.Debug|x86.Build.0 = Debug|Win32
		{60158379-DC8D-4823-A453-3815300728A1}.Release|x64.ActiveCfg = Release|x64
		{60158379-DC8D-4823-A453-3815300728A1}.Release|x64.Build.0 = Release|x64
		{60158379-DC8D-4823-A453-3815300728A1}.Release|x86.ActiveCfg = Release|Win32
		{60158379-DC8D-4823-A453-3815300728A1}.Release|x86.Build.0 = Release|Win32
		{70484BA0-C209-4009-A51A-ACF94830C4E8}.Debug|x64.ActiveCfg = Debug|x64
		{70484BA0-C209-4009-A51A-ACF94830C4E8}.Debug|x64.Build.0 = Debug|x64
		{70484BA0-C209-4009-A51A-ACF94830C4E8}.Debug|x86.ActiveCfg = Debug|Win32
		{70484BA0-C209-4009-A51A-ACF94830C4E8}.Debug|x86.Build.0 = Debug|Win32
		{70484BA0-C209-4009-A51A-ACF94830C4E8}.Release|x64.ActiveCfg = Release|x64
		{70484BA0-C209-4009-A51A-ACF94830C4E8}.Release|x64.Build.0 = Release|x64
		{70484BA0-C209-4009-A51A-ACF94830C4E8}.Release|x86.ActiveCfg = Release|Win32
		{70484BA0-C209-4009-A51A-ACF94830C4E8}.Release|x86.Build.0 = Release|Win32
		{80CAD05B-86B5-408B-B44F-C5FCBD0E78F2}.Debug|x64.ActiveCfg = Debug|x64
		{80CAD05B-86B5-408B-B44F-C5FCBD0E78F2}.Debug|x64.Build.0 = Debug|x64
		{80CAD05B-86B5-408B-B44F-C5FCBD0E78F2}.Debug|x86.ActiveCfg = Debug|Win32
		{80CAD05B-86B5-408B-B44F-C5FCBD0E78F2}.Debug|x86.Build.0 = Debug|Win32
		{80CAD05B-86B5-408B-B44F-C5FCBD0E78F2}.Release|x64.ActiveCfg = Release|x64
		{80CAD05B-86B5-408B-B44F-C5FCBD0E78F2}.Release|x64.Build.0 = Release|x64
		{80CAD05B-86B5-408B-B44F-C5FCBD0E78F2}.Release|x86.ActiveCfg = Release|Win32
		{80CAD05B-86B5-408B-B44F-C5FCBD0E78F2}.Release|x86.Build.0 = Release|Win32
		{A3217098-3F28-4190-875D-C441E7584EED}.Debug|x64.ActiveCfg = Debug|x64
		{A3217098-3F28-4190-875D-C441E7584EED}.Debug|x64.Build.0 = Debug|x64
		{A3217098-3F28-4190-875D-C441E7584EED}.Debug|x86.ActiveCfg = Debug|Win32
		{A3217098-3F28-4190-875D-C441E7584EED}.Debug|x86.Build.0 = Debug|Win32
		{A3217098-3F28-4190-875D-C441E7584EED}.Release|x64.ActiveCfg = Release|x64
		{A3217098-3F28-4190-875D-C441E7584EED}.Release|x64.Build.0 = Release|x64
		{A3217098-3F28-4190-875D-C441E7584EED}.Release|x86.ActiveCfg = Release|Win32
		{A3217098-3F28-4190-875D-C441E7584EED}.Release|x86.Build.0 = Release|Win32
		{9B745C51-7228-4956-B997-8C02AFF9A0D0}.Debug|x64.ActiveCfg = Debug|x64
		{9B745C51-7228-4956-B997-8C02AFF9A0D0}.Debug|x64.Build.0 = Debug|x64
		{9B745C51-7228-4956-B997-8C02AFF9A0D0}.Debug|x86.ActiveCfg = Debug|Win32
		{9B745C51-7228-4956-B997-8C02AFF9A0D0}.Debug|x86.Build.0 = Debug|Win32
		{9B745C51-7228-4956-B997-8C02AFF9A0D0}.Release|x64.ActiveCfg = Release|x64
		{9B745C51-7228-4956-B997-8C02AFF9A0D0}.Release|x64.Build.0 = Release|x64
		{9B745C51-7228-4956-B997-8C02AFF9A0D0}.Release|x86.ActiveCfg = Release|Win32
		{9B745C51-7228-4956-B997-8C02AFF9A0D0}.Release|x86.Build.0 = Release|Win32
		{6F6BA9B2-3667-4297-8B98-92D741E58A8C}.Debug|x64.ActiveCfg = Debug|x64
		{6F6BA9B2-3667-4297-8B98-92D741E58A8C}.Debug|x64.Build.0 = Debug|x64
		{6F6BA9B2-3667-4297-8B98-92D741E58A8C}.Debug|x86.ActiveCfg = Debug|Win32
		{6F6BA9B2-3667-4297-8B98-92D741E58A8C}.Debug|x86.Build.0 = Debug|Win32
		{6F6BA9B2-3667-4297-8B98-92D741E58A8C}.Release|x64.ActiveCfg = Release|x64
		{6F6BA9B2-3667-4297-8B98-92D741E58A8C}.Release|x64.Build.0 = Release|x64
		{6F6BA9B2-3667-4297-8B98-92D741E58A8C}.Release|x86.ActiveCfg = Release|Win32
		{6F6BA9B2-3667-4297-8B98-92D741E58A8C}.Release|x86.Build.0 = Release|Win32
		{734059AB-9ED1-4A42-B4C5-CAC4F59C21DF}.Debug|x64.ActiveCfg = Debug|x64
		{734059AB-9ED1-4A42-B4C5-CAC4F59C21DF}.Debug|x64.Build.0 = Debug|x64
		{734059AB-9ED1-4A42-B4C5-CAC4F59C21DF}.Debug|x86.ActiveCfg = Debug|Win32
		{734059AB-9ED1-4A42-B4C5-CAC4F59C21DF}.Debug|x86.Build.0 = Debug|Win32
		{734059AB-9ED1-4A42-B4C5-CAC4F59C21DF}.Release|x64.ActiveCfg = Release|x64
		{734059AB-9ED1-4A42-B4C5-CAC4F59C21DF}.Release|x64.Build.0 = Release|x64
		{734059AB-9ED1-4A42-B4C5-CAC4F59C21DF}.Release|x86.ActiveCfg = Release|Win32
		{734059AB-9ED1-4A42-B4C5-CAC4F59C21DF}.Release|x86.Build.0 = Release|Win32
		{6B71FA0D-9607-4C98-B71A-141FF47525E8}.Debug|x64.ActiveCfg = Debug|x64
		{6B71FA0D-9607-4C98-B71A-141FF47525E8}.Debug|x64.Build.0 = Debug|x64
		{6B71FA0D-9607-4C98-B71A-141FF47525E8}.Debug|x86.ActiveCfg = Debug|Win32
		{6B71FA0D-9607-4C98-B71A-141FF47525E8}.Debug|x86.Build.0 = Debug|Win32
		{6B71FA0D-9607-4C98-B71A-141FF47525E8}.Release|x64.ActiveCfg = Release|x64
		{6B71FA0D-9607-4C98-B71A-141FF47525E8}.Release|x64.Build.0 = Release|x64
		{6B71FA0D-9607-4C98-B71A-141FF47525E8}.Release|x86.ActiveCfg = Release|Win32
		{6B71FA0D-9607-4C98-B71A-141FF47525E8}.Release|x86.Build.0 = Release|Win32
		{D5BB059E-CB8D-4724-99E5-9D180B74BE54}.Debug|x64.ActiveCfg = Debug|x64
		{D5BB059E-CB8D-4724-99E5-9D180B74BE54}.Debug|x64.Build.0 = Debug|x64
		{D5BB059E-CB8D-4724-99E5-9D180B74BE54}.Debug|x86.ActiveCfg = Debug|Win32
		{D5BB059E-CB8D-4724-99E5-9D180B74BE54}.Debug|x86.Build.0 = Debug|Win32
		{D5BB059E-CB8D-4724-99E5-9D180B74BE54}.Release|x64.ActiveCfg = Release|x64
		{D5BB059E-CB8D-4724-99E5-9D180B74BE54}.Release|x64.Build.0 = Release|x64
		{D5BB059E-CB8D-4724-99E5-9D180B74BE54}.Release|x86.ActiveCfg = Release|Win32
		{D5BB059E-CB8D-4724-99E5-9D180B74BE54}.Release|x86.Build.0 = Release|Win32
		{49739A8B-060E-4C4F-9B74-B53DEF40F502}.Debug|x64.ActiveCfg = Debug|x64
		{49739A8B-060E-4C4F-9B74-B53DEF40F502}.Debug|x64.Build.0 = Debug|x64
		{49739A8B-060E-4C4F-9B74-B53DEF40F502}.Debug|x86.ActiveCfg = Debug|Win32
		{49739A8B-060E-4C4F-9B74-B53DEF40F502}.Debug|x86.Build.0 = Debug|Win32
		{49739A8B-060E-4C4F-9B74-B53DEF40F502}.Release|x64.ActiveCfg = Release|x64
		{49739A8B-060E-4C4F-9B74-B53DEF40F502}.Release|x64.Build.0 = Release|x64
		{49739A8B-060E-4C4F-9B74-B53DEF40F502}.Release|x86.ActiveCfg = Release|Win32
		{49739A8B-060E-4C4F-9B74-B53DEF40F502}.Release|x86.Build.0 = Release|Win32
		{91629F89-839B-4ECE-8DF5-6788B12FE70D}.Debug|x64.ActiveCfg = Debug|x64
		{91629F89-839B-4ECE-8DF5-6788B12FE70D}.Debug|x64.Build.0 = Debug|x64
		{91629F89-839B-4ECE-8DF5-6788B12FE70D}.Debug|x86.ActiveCfg = Debug|Win32
		{91629F89-839B-4ECE-8DF5-6788B12FE70D}.Debug|x86.Build.0 = Debug|Win32
		{91629F89-839B-4ECE-8DF5-6788B12FE70D}.Release|x64.ActiveCfg = Release|x64
		{91629F89-839B-4ECE-8DF5-6788B12FE70D}.Release|x64.Build.0 = Release|x64
		{91629F89-839B-4ECE-8DF5-6788B12FE70D}.Release|x86.ActiveCfg = Release|Win32
		{91629F89-839B-4ECE-8DF5-6788B12FE70D}.Release|x86.Build.0 = Release|Win32
		{5A49B5A9-96BF-4C0F-BF5D-C44103C73266}.Debug|x64.ActiveCfg = Debug|x64
		{5A49B5A9-96BF-4C0F-BF5D-C44103C73266}.Debug|x64.Build.0 = Debug|x64
		{5A49B5A9-96BF-4C0F-BF5D-C44103C73266}.Debug|x86.ActiveCfg = Debug|Win32
		{5A49B5A9-96BF-4C0F-BF5D-C44103C73266}.Debug|x86.Build.0 = Debug|Win32
		{5A49B5A9-96BF-4C0F-BF5D-C44103C73266}.Release|x64.ActiveCfg = Release|x64
		{5A49B5A9-96BF-4C0F-BF5D-C44103C73266}.Release|x64.Build.0 = Release|x64
		{5A49B5A9-96BF-4C0F-BF5D-C44103C73266}.Release|x86.ActiveCfg = Release|Win32
		{5A49B5A9-96BF-4C0F-BF5D-C44103C73266}.Release|x86.Build.0 = Release|Win32
		{77C114FE-1580-4263-915A-37AE46866F03}.Debug|x64.ActiveCfg = Debug|x64
		{77C114FE-1580-4263-915A-37AE46866F03}.Debug|x64.Build.0 = Debug|x64
		{77C114FE-1580-4263-915A-37AE46866F03}.Debug|x86.ActiveCfg = Debug|Win32
		{77C114FE-1580-4263-915A-37AE46866F03}.Debug|x86.Build.0 = Debug|Win32
		{77C114FE-1580-4263-915A-37AE46866F03}.Release|x64.ActiveCfg = Release|x64
		{77C114FE-1580-4263-915A-37AE46866F03}.Release|x64.Build.0 = Release|x64
		{77C114FE-1580-4263-915A-37AE46866F03}.Release|x86.ActiveCfg = Release|Win32
		{77C114FE-1580-4263-915A-37AE46866F03}.Release|x86.Build.0 = Release|Win32
		{2031D3EA-E1DF-462C-926D-BA540C134D9F}.Debug|x64.ActiveCfg = Debug|x64
		{2031D3EA-E1DF-462C-926D-BA540C134D9F}.Debug|x64.Build.0 = Debug|x64
		{2031D3EA-E1DF-462C-926D-BA540C134D9F}.Debug|x86.ActiveCfg = Debug|Win32
		{2031D3EA-E1DF-462C-926D-BA540C134D9F}.Debug|x86.Build.0 = Debug|Win32
		{2031D3EA-E1DF-462C-926D-BA540C134D9F}.Release|x64.ActiveCfg = Release|x64
		{2031D3EA-E1DF-462C-926D-BA540C134D9F}.Release|x64.Build.0 = Release|x64
		{2031D3EA-E1DF-462C-926D-BA540C134D9F}.Release|x86.ActiveCfg = Release|Win32
		{2031D3EA-E1DF-462C-926D-BA540C134D9F}.Release|x86.Build.0 = Release|Win32
		{1EFC50D4-1D3A-49A1-8E6A-3F4397EC4098}.Debug|x64.ActiveCfg = Debug|x64
		{1EFC50D4-1D3A-49A1-8E6A-3F4397EC4098}.Debug|x64.Build.0 = Debug|x64
		{1EFC50D4-1D3A-49A1-8E6A-3F4397EC4098}.Debug|x86.ActiveCfg = Debug|Win32
		{1EFC50D4-1D3A-49A1-8E6A-3F4397EC4098}.Debug|x86.Build.0 = Debug|Win32
		{1EFC50D4-1D3A-49A1-8E6A-3F4397EC4098}.Release|x64.ActiveCfg = Release|x64
		{1EFC50D4-1D3A-49A1-8E6A-3F4397EC4098}.Release|x64.Build.0 = Release|x64
		{1EFC50D4-1D3A-49A1-8E6A-3F4397EC4098}.Release|x86.ActiveCfg = Release|Win32
		{1EFC50D4-1D3A-49A1-8E6A-3F4397EC4098}.Release|x86.Build.0 = Release|Win32
		{75CED810-E9A5-43BD-9462-3A5D8D978C1B}.Debug|x64.ActiveCfg = Debug|x64
		{75CED810-E9A5-43BD-9462-3A5D8D978C1B}.Debug|x64.Build.0 = Debug|x64
		{75CED810-E9A5-43BD-9462-3A5D8D978C1B}.Debug|x86.ActiveCfg = Debug|Win32
		{75CED810-E9A5-43BD-9462-3A5D8D978C1B}.Debug|x86.Build.0 = Debug|Win32
		{75CED810-E9A5-43BD-9462-3A5D8D978C1B}.Release|x64.ActiveCfg = Release|x64
		{75CED810-E9A5-43BD-9462-3A5D8D978C1B}.Release|x64.Build.0 = Release|x64
		{75CED810-E9A5-43BD-9462-3A5D8D978C1B}.Release|x86.ActiveCfg = Release|Win32
		{75CED810-E9A5-43BD-9462-3A5D8D978C1B}.Release|x86.Build.0 = Release|Win32
		{9EFE7CA7-896E-421A-90C3-C85A750C29A7}.Debug|x64.ActiveCfg = Debug|x64
		{9EFE7CA7-896E-421A-90C3-C85A750C29A7}.Debug|x64.Build.0 = Debug|x64
		{9EFE7CA7-896E-421A-90C3-C85A750C29A7}.Debug|x86.ActiveCfg = Debug|Win32
		{9EFE7CA7-896E-421A-90C3-C85A750C29A7}.Debug|x86.Build.0 = Debug|Win32
		{9EFE7CA7-896E-421A-90C3-C85A750C29A7}.Release|x64.ActiveCfg = Release|x64
		{9EFE7CA7-896E-421A-90C3-C85A750C29A7}.Release|x64.Build.0 = Release|x64
		{9EFE7CA7-896E-421A-90C3-C85A750C29A7}.Release|x86.ActiveCfg = Release|Win32
		{9EFE7CA7-896E-421A-90C3-C85A750C29A7}.Release|x86.Build.0 = Release|Win32
		{B402A6B8-7344-4D56-9325-79B556DF3E8A}.Debug|x64.ActiveCfg = Debug|x64
		{B402A6B8-7344-4D56-9325-79B556DF3E8A}.Debug|x64.Build.0 = Debug|x64
		{B402A6B8-7344-4D56-9325-79B556DF3E8A}.Debug|x86.ActiveCfg = Debug|Win32
		{B402A6B8-7344-4D56-9325-79B556DF3E8A}.Debug|x86.Build.0 = Debug|Win32
		{B402A6B8-7344-4D56-9325-79B556DF3E8A}.Release|x64.ActiveCfg = Release|x64
		{B402A6B8-7344-4D56-9325-79B556DF3E8A}.Release|x64.Build.0 = Release|x64
		{B402A6B8-7344-4D56-9325-79B556DF3E8A}.Release|x86.ActiveCfg = Release|Win32
		{B402A6B8-7344-4D56-9325-79B556DF3E8A}.Release|x86.Build.0 = Release|Win32
		{04909DE6-5510-45F8-A458-BCC367F3BAB2}.Debug|x64.ActiveCfg = Debug|x64
		{04909DE6-5510-45F8-A458-BCC367F3BAB2}.Debug|x64.Build.0 = Debug|x64
		{04909DE6-5510-45F8-A458-BCC367F3BAB2}.Debug|x86.ActiveCfg = Debug|Win32
		{04909DE6-5510-45F8-A458-BCC367F3BAB2}.Debug|x86.Build.0 = Debug|Win32
		{04909DE6-5510-45F8-A458-BCC367F3BAB2}.Release|x64.ActiveCfg = Release|x64
		{04909DE6-5510-45F8-A458-BCC367F3BAB2}.Release|x64.Build.0 = Release|x64
		{04909DE6-5510-45F8-A458-BCC367F3BAB2}.Release|x86.ActiveCfg = Release|Win32
		{04909DE6-5510-45F8-A458-BCC367F3BAB2}.Release|x86.Build.0 = Release|Win32
		{A31AE2BE-516B-4E2A-8E3F-171D7D50880D}.Debug|x64.ActiveCfg = Debug|x64
		{A31AE2BE-516B-4E2A-8E3F-171D7D50880D}.Debug|x64.Build.0 = Debug|x64
		{A31AE2BE-516B-4E2A-8E3F-171D7D50880D}.Debug|x86.ActiveCfg = Debug|Win32
		{A31AE2BE-516B-4E2A-8E3F-171D7D50880D}.Debug|x86.Build.0 = Debug|Win32
		{A31AE2BE-516B-4E2A-8E3F-171D7D50880D}.Release|x64.ActiveCfg = Release|x64
		{A31AE2BE-516B-4E2A-8E3F-171D7D50880D}.Release|x64.Build.0 = Release|x64
		{A31AE2BE-516B-4E2A-8E3F-171D7D50880D}.Release|x86.ActiveCfg = Release|Win32
		{A31AE2BE-516B-4E2A-8E3F-171D7D50880D}.Release|x86.Build.0 = Release|Win32
	EndGlobalSection
	GlobalSection(SolutionProperties) = preSolution
		HideSolutionNode = FALSE
	EndGlobalSection
	GlobalSection(NestedProjects) = preSolution
		{80CAD05B-86B5-408B-B44F-C5FCBD0E78F2} = {C7FE55D3-0F19-446A-BFFE-459ABCDD3865}
		{A3217098-3F28-4190-875D-C441E7584EED} = {C7FE55D3-0F19-446A-BFFE-459ABCDD3865}
		{9B745C51-7228-4956-B997-8C02AFF9A0D0} = {C7FE55D3-0F19-446A-BFFE-459ABCDD3865}
		{6F6BA9B2-3667-4297-8B98-92D741E58A8C} = {C7FE55D3-0F19-446A-BFFE-459ABCDD3865}
		{734059AB-9ED1-4A42-B4C5-CAC4F59C21DF} = {C7FE55D3-0F19-446A-BFFE-459ABCDD3865}
		{6B71FA0D-9607-4C98-B71A-141FF47525E8} = {C7FE55D3-0F19-446A-BFFE-459ABCDD3865}
		{D5BB059E-CB8D-4724-99E5-9D180B74BE54} = {522E57F8-3CF3-43BC-8C3B-DB2CEF6B83D3}
		{49739A8B-060E-4C4F-9B74-B53DEF40F502} = {522E57F8-3CF3-43BC-8C3B-DB2CEF6B83D3}
		{91629F89-839B-4ECE-8DF5-6788B12FE70D} = {522E57F8-3CF3-43BC-8C3B-DB2CEF6B83D3}
		{5A49B5A9-96BF-4C0F-BF5D-C44103C73266} = {522E57F8-3CF3-43BC-8C3B-DB2CEF6B83D3}
		{77C114FE-1580-4263-915A-37AE46866F03} = {522E57F8-3CF3-43BC-8C3B-DB2CEF6B83D3}
		{2031D3EA-E1DF-462C-926D-BA540C134D9F} = {522E57F8-3CF3-43BC-8C3B-DB2CEF6B83D3}
		{1EFC50D4-1D3A-49A1-8E6A-3F4397EC4098} = {522E57F8-3CF3-43BC-8C3B-DB2CEF6B83D3}
		{75CED810-E9A5-43BD-9462-3A5D8D978C1B} = {522E57F8-3CF3-43BC-8C3B-DB2CEF6B83D3}
		{9EFE7CA7-896E-421A-90C3-C85A750C29A7} = {522E57F8-3CF3-43BC-8C3B-DB2CEF6B83D3}
		{B402A6B8-7344-4D56-9325-79B556DF3E8A} = {522E57F8-3CF3-43BC-8C3B-DB2CEF6B83D3}
		{04909DE6-5510-45F8-A458-BCC367F3BAB2} = {522E57F8-3CF3-43BC-8C3B-DB2CEF6B83D3}
		{A31AE2BE-516B-4E2A-8E3F-171D7D50880D} = {522E57F8-3CF3-43BC-8C3B-DB2CEF6B83D3}
	EndGlobalSection
	GlobalSection(ExtensibilityGlobals) = postSolution
		SolutionGuid = {F1FC9D3C-9137-481C-82A2-F17128A1ECFF}
	EndGlobalSection
EndGlobal
